
Microsoft Visual Studio Solution File, Format Version 12.00
# Visual Studio Version 16
VisualStudioVersion = 16.0.31624.102
MinimumVisualStudioVersion = 10.0.40219.1
Project("{FAE04EC0-301F-11D3-BF4B-00C04F79EFBC}") = "ConsoleApp31", "ConsoleApp31\ConsoleApp31.csproj", "{421E87A5-1C80-42EC-9344-E5E66AD47C95}"
EndProject
Global
	GlobalSection(SolutionConfigurationPlatforms) = preSolution
		Debug|Any CPU = Debug|Any CPU
		Release|Any CPU = Release|Any CPU
	EndGlobalSection
	GlobalSection(ProjectConfigurationPlatforms) = postSolution
		{421E87A5-1C80-42EC-9344-E5E66AD47C95}.Debug|Any CPU.ActiveCfg = Debug|Any CPU
		{421E87A5-1C80-42EC-9344-E5E66AD47C95}.Debug|Any CPU.Build.0 = Debug|Any CPU
		{421E87A5-1C80-42EC-9344-E5E66AD47C95}.Release|Any CPU.ActiveCfg = Release|Any CPU
		{421E87A5-1C80-42EC-9344-E5E66AD47C95}.Release|Any CPU.Build.0 = Release|Any CPU
	EndGlobalSection
	GlobalSection(SolutionProperties) = preSolution
		HideSolutionNode = FALSE
	EndGlobalSection
	GlobalSection(ExtensibilityGlobals) = postSolution
		SolutionGuid = {B6B82D94-26C9-42AA-BB3F-3E8921CD1DE5}
	EndGlobalSection
EndGlobal
